<?xml version="1.0" encoding="UTF-8"?>
<CONFIG>
  <ProjectOptions>
    <Version Value="12"/>
    <PathDelim Value="\"/>
    <General>
      <Flags>
        <MainUnitHasCreateFormStatements Value="False"/>
        <MainUnitHasTitleStatement Value="False"/>
        <MainUnitHasScaledStatement Value="False"/>
      </Flags>
      <SessionStorage Value="InProjectDir"/>
      <Title Value="neo"/>
      <UseAppBundle Value="False"/>
      <ResourceType Value="res"/>
    </General>
    <BuildModes>
      <Item Name="Default" Default="True"/>
    </BuildModes>
    <PublishOptions>
      <Version Value="2"/>
      <UseFileFilters Value="True"/>
    </PublishOptions>
    <RunParams>
      <FormatVersion Value="2"/>
    </RunParams>
    <Units>
      <Unit>
        <Filename Value="neo.lpr"/>
        <IsPartOfProject Value="True"/>
        <UnitName Value="test"/>
      </Unit>
      <Unit>
        <Filename Value="common.pas"/>
        <IsPartOfProject Value="True"/>
      </Unit>
      <Unit>
        <Filename Value="sdl\image.pas"/>
        <IsPartOfProject Value="True"/>
        <UnitName Value="Image"/>
      </Unit>
      <Unit>
        <Filename Value="sdl\gfx_sdl_core.pas"/>
        <IsPartOfProject Value="True"/>
        <UnitName Value="GFX_SDL_Core"/>
      </Unit>
      <Unit>
        <Filename Value="sdl\neo_sdl.inc"/>
        <IsPartOfProject Value="True"/>
      </Unit>
      <Unit>
        <Filename Value="sdl\timer.pas"/>
        <IsPartOfProject Value="True"/>
        <UnitName Value="Timer"/>
      </Unit>
      <Unit>
        <Filename Value="GFX.PAS"/>
        <IsPartOfProject Value="True"/>
      </Unit>
      <Unit>
        <Filename Value="inc\image.inc"/>
        <IsPartOfProject Value="True"/>
      </Unit>
      <Unit>
        <Filename Value="inc\timer.inc"/>
        <IsPartOfProject Value="True"/>
      </Unit>
      <Unit>
        <Filename Value="inc\gameloop.inc"/>
        <IsPartOfProject Value="True"/>
      </Unit>
      <Unit>
        <Filename Value="gameloop.pas"/>
        <IsPartOfProject Value="True"/>
      </Unit>
      <Unit>
        <Filename Value="sdl\keybrd.pas"/>
        <IsPartOfProject Value="True"/>
        <UnitName Value="Keybrd"/>
      </Unit>
      <Unit>
        <Filename Value="com_kb.pas"/>
        <IsPartOfProject Value="True"/>
      </Unit>
      <Unit>
        <Filename Value="sdl\sys.pas"/>
        <IsPartOfProject Value="True"/>
        <UnitName Value="Sys"/>
      </Unit>
      <Unit>
        <Filename Value="inc\keybrd.inc"/>
        <IsPartOfProject Value="True"/>
      </Unit>
      <Unit>
        <Filename Value="inc\sys.inc"/>
        <IsPartOfProject Value="True"/>
      </Unit>
      <Unit>
        <Filename Value="sdl\gfx_sdl.pas"/>
        <IsPartOfProject Value="True"/>
        <UnitName Value="GFX_SDL"/>
      </Unit>
      <Unit>
        <Filename Value="sdl\r_pal.pas"/>
        <IsPartOfProject Value="True"/>
        <UnitName Value="R_Pal"/>
      </Unit>
      <Unit>
        <Filename Value="event.pas"/>
        <IsPartOfProject Value="True"/>
        <UnitName Value="Event"/>
      </Unit>
      <Unit>
        <Filename Value="game\player.pas"/>
        <IsPartOfProject Value="True"/>
        <UnitName Value="Player"/>
      </Unit>
      <Unit>
        <Filename Value="game\gtypes.pas"/>
        <IsPartOfProject Value="True"/>
      </Unit>
      <Unit>
        <Filename Value="game\res_enum.pas"/>
        <IsPartOfProject Value="True"/>
      </Unit>
      <Unit>
        <Filename Value="game\sdl\res.pas"/>
        <IsPartOfProject Value="True"/>
      </Unit>
      <Unit>
        <Filename Value="game\entity.pas"/>
        <IsPartOfProject Value="True"/>
        <UnitName Value="Entity"/>
      </Unit>
      <Unit>
        <Filename Value="game\g_map.pas"/>
        <IsPartOfProject Value="True"/>
      </Unit>
    </Units>
  </ProjectOptions>
  <CompilerOptions>
    <Version Value="11"/>
    <PathDelim Value="\"/>
    <Target>
      <Filename Value="neo_sdl"/>
    </Target>
    <SearchPaths>
      <IncludeFiles Value="$(ProjOutDir);inc;sdl"/>
      <OtherUnitFiles Value="sdl;C:\lazarus\fpc\3.2.2\units\SDL2\;game;game\sdl"/>
      <UnitOutputDirectory Value="lib\$(TargetCPU)-$(TargetOS)"/>
    </SearchPaths>
    <Parsing>
      <SyntaxOptions>
        <SyntaxMode Value="tp"/>
      </SyntaxOptions>
    </Parsing>
    <Linking>
      <Debugging>
        <DebugInfoType Value="dsDwarf2Set"/>
      </Debugging>
    </Linking>
  </CompilerOptions>
  <Debugging>
    <Exceptions>
      <Item>
        <Name Value="EAbort"/>
      </Item>
      <Item>
        <Name Value="ECodetoolError"/>
      </Item>
      <Item>
        <Name Value="EFOpenError"/>
      </Item>
    </Exceptions>
  </Debugging>
</CONFIG>
