<?xml version="1.0" encoding="UTF-8"?>
<CONFIG>
  <ProjectOptions>
    <Version Value="12"/>
    <PathDelim Value="\"/>
    <General>
      <Flags>
        <MainUnitHasCreateFormStatements Value="False"/>
        <MainUnitHasTitleStatement Value="False"/>
        <MainUnitHasScaledStatement Value="False"/>
      </Flags>
      <SessionStorage Value="InProjectDir"/>
      <Title Value="neo"/>
      <UseAppBundle Value="False"/>
      <ResourceType Value="res"/>
    </General>
    <BuildModes>
      <Item Name="Default" Default="True"/>
    </BuildModes>
    <PublishOptions>
      <Version Value="2"/>
      <UseFileFilters Value="True"/>
    </PublishOptions>
    <RunParams>
      <FormatVersion Value="2"/>
    </RunParams>
    <RequiredPackages>
      <Item>
        <PackageName Value="LCL"/>
      </Item>
    </RequiredPackages>
    <Units>
      <Unit>
        <Filename Value="neo.lpr"/>
        <IsPartOfProject Value="True"/>
        <UnitName Value="test"/>
      </Unit>
      <Unit>
        <Filename Value="game\g_player.pas"/>
        <IsPartOfProject Value="True"/>
      </Unit>
      <Unit>
        <Filename Value="game\gtypes.pas"/>
        <IsPartOfProject Value="True"/>
      </Unit>
      <Unit>
        <Filename Value="game\res_enum.pas"/>
        <IsPartOfProject Value="True"/>
      </Unit>
      <Unit>
        <Filename Value="game\sdl\res.pas"/>
        <IsPartOfProject Value="True"/>
      </Unit>
      <Unit>
        <Filename Value="game\entity.pas"/>
        <IsPartOfProject Value="True"/>
        <UnitName Value="Entity"/>
      </Unit>
      <Unit>
        <Filename Value="game\g_map.pas"/>
        <IsPartOfProject Value="True"/>
      </Unit>
      <Unit>
        <Filename Value="engine\com_kb.pas"/>
        <IsPartOfProject Value="True"/>
      </Unit>
      <Unit>
        <Filename Value="engine\common.pas"/>
        <IsPartOfProject Value="True"/>
      </Unit>
      <Unit>
        <Filename Value="engine\event.pas"/>
        <IsPartOfProject Value="True"/>
      </Unit>
      <Unit>
        <Filename Value="engine\GFX.PAS"/>
        <IsPartOfProject Value="True"/>
      </Unit>
      <Unit>
        <Filename Value="engine\gameloop.pas"/>
        <IsPartOfProject Value="True"/>
      </Unit>
      <Unit>
        <Filename Value="engine\sdl\gfx_sdl.pas"/>
        <IsPartOfProject Value="True"/>
        <UnitName Value="GFX_SDL"/>
      </Unit>
      <Unit>
        <Filename Value="engine\sdl\gfx_sdl_core.pas"/>
        <IsPartOfProject Value="True"/>
        <UnitName Value="GFX_SDL_Core"/>
      </Unit>
      <Unit>
        <Filename Value="engine\sdl\image.pas"/>
        <IsPartOfProject Value="True"/>
        <UnitName Value="Image"/>
      </Unit>
      <Unit>
        <Filename Value="engine\sdl\keybrd.pas"/>
        <IsPartOfProject Value="True"/>
      </Unit>
      <Unit>
        <Filename Value="engine\sdl\neo_sdl.inc"/>
        <IsPartOfProject Value="True"/>
      </Unit>
      <Unit>
        <Filename Value="engine\sdl\r_pal.pas"/>
        <IsPartOfProject Value="True"/>
      </Unit>
      <Unit>
        <Filename Value="engine\sdl\sys.pas"/>
        <IsPartOfProject Value="True"/>
        <UnitName Value="Sys"/>
      </Unit>
      <Unit>
        <Filename Value="engine\sdl\timer.pas"/>
        <IsPartOfProject Value="True"/>
      </Unit>
      <Unit>
        <Filename Value="engine\inc\gameloop.inc"/>
        <IsPartOfProject Value="True"/>
      </Unit>
      <Unit>
        <Filename Value="engine\inc\image.inc"/>
        <IsPartOfProject Value="True"/>
      </Unit>
      <Unit>
        <Filename Value="engine\inc\keybrd.inc"/>
        <IsPartOfProject Value="True"/>
      </Unit>
      <Unit>
        <Filename Value="engine\inc\sys.inc"/>
        <IsPartOfProject Value="True"/>
      </Unit>
      <Unit>
        <Filename Value="engine\inc\timer.inc"/>
        <IsPartOfProject Value="True"/>
      </Unit>
      <Unit>
        <Filename Value="engine\fixedint.pas"/>
        <IsPartOfProject Value="True"/>
      </Unit>
      <Unit>
        <Filename Value="game\g_common.pas"/>
        <IsPartOfProject Value="True"/>
      </Unit>
      <Unit>
        <Filename Value="engine\vect2d.pas"/>
        <IsPartOfProject Value="True"/>
        <UnitName Value="Vect2D"/>
      </Unit>
      <Unit>
        <Filename Value="engine\rect.pas"/>
        <IsPartOfProject Value="True"/>
      </Unit>
    </Units>
  </ProjectOptions>
  <CompilerOptions>
    <Version Value="11"/>
    <PathDelim Value="\"/>
    <Target>
      <Filename Value="neo_sdl"/>
    </Target>
    <SearchPaths>
      <IncludeFiles Value="$(ProjOutDir);engine\inc;engine\sdl;external\sdl2"/>
      <OtherUnitFiles Value="engine;engine\sdl;game\sdl;C:\lazarus\fpc\3.2.2\units\SDL2\;game;external\sdl2"/>
      <UnitOutputDirectory Value="lib\$(TargetCPU)-$(TargetOS)"/>
    </SearchPaths>
    <Parsing>
      <SyntaxOptions>
        <SyntaxMode Value="tp"/>
      </SyntaxOptions>
    </Parsing>
    <Linking>
      <Debugging>
        <DebugInfoType Value="dsDwarf2Set"/>
      </Debugging>
      <Options>
        <PassLinkerOptions Value="True"/>
        <LinkerOptions Value="-F external\macos -rpath @loader_path\external\macos"/>
      </Options>
    </Linking>
  </CompilerOptions>
  <Debugging>
    <Exceptions>
      <Item>
        <Name Value="EAbort"/>
      </Item>
      <Item>
        <Name Value="ECodetoolError"/>
      </Item>
      <Item>
        <Name Value="EFOpenError"/>
      </Item>
    </Exceptions>
  </Debugging>
</CONFIG>
